
Microsoft Visual Studio Solution File, Format Version 12.00
# Visual Studio Version 17
VisualStudioVersion = 17.13.35825.156 d17.13
MinimumVisualStudioVersion = 10.0.40219.1
Project("{FAE04EC0-301F-11D3-BF4B-00C04F79EFBC}") = "HelloWorldWinform", "HelloWorldWinform.csproj", "{9B393480-678B-4364-ADE6-039CC6716427}"
EndProject
Global
	GlobalSection(SolutionConfigurationPlatforms) = preSolution
		Debug|Any CPU = Debug|Any CPU
		Release|Any CPU = Release|Any CPU
	EndGlobalSection
	GlobalSection(ProjectConfigurationPlatforms) = postSolution
		{9B393480-678B-4364-ADE6-039CC6716427}.Debug|Any CPU.ActiveCfg = Debug|Any CPU
		{9B393480-678B-4364-ADE6-039CC6716427}.Debug|Any CPU.Build.0 = Debug|Any CPU
		{9B393480-678B-4364-ADE6-039CC6716427}.Release|Any CPU.ActiveCfg = Release|Any CPU
		{9B393480-678B-4364-ADE6-039CC6716427}.Release|Any CPU.Build.0 = Release|Any CPU
	EndGlobalSection
	GlobalSection(SolutionProperties) = preSolution
		HideSolutionNode = FALSE
	EndGlobalSection
	GlobalSection(ExtensibilityGlobals) = postSolution
		SolutionGuid = {9BB39704-A96D-4BC6-B06E-2FC737707B6E}
	EndGlobalSection
EndGlobal
